// !$*UTF8*$!
{
	archiveVersion = 1;
	classes = {
	};
	objectVersion = 71;
	objects = {

/* Begin PBXBuildFile section */
		APP003 /* Workspace in Frameworks */ = {isa = PBXBuildFile; productRef = PKG001 /* Workspace */; };
		APP004 /* Syntax in Frameworks */ = {isa = PBXBuildFile; productRef = PKG002 /* Syntax */; };
		APP005 /* UI in Frameworks */ = {isa = PBXBuildFile; productRef = PKG003 /* UI */; };
		APP006 /* Split in Frameworks */ = {isa = PBXBuildFile; productRef = PKG004 /* Split */; };
		APP012 /* Text in Frameworks */ = {isa = PBXBuildFile; productRef = PKG006 /* Text */; };
		APP013 /* Editor in Frameworks */ = {isa = PBXBuildFile; productRef = PKG005 /* Editor */; };
		APP015 /* Git in Frameworks */ = {isa = PBXBuildFile; productRef = PKG007 /* Git */; };
		APP017 /* GhosttyTerminal in Frameworks */ = {isa = PBXBuildFile; productRef = PKG015 /* GhosttyTerminal */; };
		APP018 /* ACPClientKit in Frameworks */ = {isa = PBXBuildFile; productRef = PKG016 /* ACPClientKit */; };
		APP019 /* ACPClientKit in Frameworks */ = {isa = PBXBuildFile; productRef = PKG016 /* ACPClientKit */; };
		RES003 /* Assets.xcassets in Resources */ = {isa = PBXBuildFile; fileRef = RES004 /* Assets.xcassets */; };
/* End PBXBuildFile section */

/* Begin PBXContainerItemProxy section */
		A1B2C3D40100000000000007 /* PBXContainerItemProxy */ = {
			isa = PBXContainerItemProxy;
			containerPortal = PRJ001 /* Project object */;
			proxyType = 1;
			remoteGlobalIDString = TGT001;
			remoteInfo = "mac-client";
		};
/* End PBXContainerItemProxy section */

/* Begin PBXFileReference section */
		A1B2C3D40100000000000001 /* mac-clientTests.xctest */ = {isa = PBXFileReference; explicitFileType = wrapper.cfbundle; includeInIndex = 0; path = "mac-clientTests.xctest"; sourceTree = BUILT_PRODUCTS_DIR; };
		PRD001 /* mac-client.app */ = {isa = PBXFileReference; explicitFileType = wrapper.application; includeInIndex = 0; path = "mac-client.app"; sourceTree = BUILT_PRODUCTS_DIR; };
		RES001 /* Info.plist */ = {isa = PBXFileReference; lastKnownFileType = text.plist.xml; path = Info.plist; sourceTree = "<group>"; };
		RES002 /* Devys.entitlements */ = {isa = PBXFileReference; lastKnownFileType = text.plist.entitlements; path = Devys.entitlements; sourceTree = "<group>"; };
		RES004 /* Assets.xcassets */ = {isa = PBXFileReference; lastKnownFileType = folder.assetcatalog; path = Assets.xcassets; sourceTree = "<group>"; };
/* End PBXFileReference section */

/* Begin PBXFileSystemSynchronizedRootGroup section */
		A1B2C3D40100000000000002 /* Apps/mac-client/Tests/mac-clientTests */ = {isa = PBXFileSystemSynchronizedRootGroup; explicitFileTypes = {}; explicitFolders = (); path = "Apps/mac-client/Tests/mac-clientTests"; sourceTree = "<group>"; };
		GRP001 /* Apps/mac-client/Sources/mac */ = {isa = PBXFileSystemSynchronizedRootGroup; explicitFileTypes = {}; explicitFolders = (); path = "Apps/mac-client/Sources/mac"; sourceTree = "<group>"; };
/* End PBXFileSystemSynchronizedRootGroup section */

/* Begin PBXFrameworksBuildPhase section */
		A1B2C3D40100000000000003 /* Frameworks */ = {
			isa = PBXFrameworksBuildPhase;
			buildActionMask = 2147483647;
			files = (
				APP019 /* ACPClientKit in Frameworks */,
			);
			runOnlyForDeploymentPostprocessing = 0;
		};
		FRM001 /* Frameworks */ = {
			isa = PBXFrameworksBuildPhase;
			buildActionMask = 2147483647;
			files = (
				APP003 /* Workspace in Frameworks */,
				APP004 /* Syntax in Frameworks */,
				APP005 /* UI in Frameworks */,
				APP006 /* Split in Frameworks */,
				APP012 /* Text in Frameworks */,
				APP013 /* Editor in Frameworks */,
				APP015 /* Git in Frameworks */,
				APP017 /* GhosttyTerminal in Frameworks */,
				APP018 /* ACPClientKit in Frameworks */,
			);
			runOnlyForDeploymentPostprocessing = 0;
		};
/* End PBXFrameworksBuildPhase section */

/* Begin PBXGroup section */
		GRP000 = {
			isa = PBXGroup;
			children = (
				GRP001 /* Apps/mac-client/Sources/mac */,
				GRP005 /* mac Resources */,
				A1B2C3D40100000000000002 /* Apps/mac-client/Tests/mac-clientTests */,
				GRP002 /* Packages */,
				GRP003 /* Products */,
			);
			sourceTree = "<group>";
		};
		GRP002 /* Packages */ = {
			isa = PBXGroup;
			children = (
			);
			path = Packages;
			sourceTree = "<group>";
		};
		GRP003 /* Products */ = {
			isa = PBXGroup;
			children = (
				PRD001 /* mac-client.app */,
				A1B2C3D40100000000000001 /* mac-clientTests.xctest */,
			);
			name = Products;
			sourceTree = "<group>";
		};
		GRP005 /* mac Resources */ = {
			isa = PBXGroup;
			children = (
				RES001 /* Info.plist */,
				RES002 /* Devys.entitlements */,
				RES004 /* Assets.xcassets */,
			);
			name = "mac Resources";
			path = "Apps/mac-client/Resources";
			sourceTree = "<group>";
		};
/* End PBXGroup section */

/* Begin PBXNativeTarget section */
		A1B2C3D40100000000000006 /* mac-clientTests */ = {
			isa = PBXNativeTarget;
			buildConfigurationList = A1B2C3D4010000000000000B /* Build configuration list for PBXNativeTarget "mac-clientTests" */;
			buildPhases = (
				A1B2C3D40100000000000005 /* Sources */,
				A1B2C3D40100000000000003 /* Frameworks */,
				A1B2C3D40100000000000004 /* Resources */,
			);
			buildRules = (
			);
			dependencies = (
				A1B2C3D40100000000000008 /* PBXTargetDependency */,
			);
			fileSystemSynchronizedGroups = (
				A1B2C3D40100000000000002 /* Apps/mac-client/Tests/mac-clientTests */,
			);
			name = "mac-clientTests";
			packageProductDependencies = (
				PKG016 /* ACPClientKit */,
			);
			productName = "mac-clientTests";
			productReference = A1B2C3D40100000000000001 /* mac-clientTests.xctest */;
			productType = "com.apple.product-type.bundle.unit-test";
		};
		TGT001 /* mac-client */ = {
			isa = PBXNativeTarget;
			buildConfigurationList = CFG002 /* Build configuration list for PBXNativeTarget "mac-client" */;
			buildPhases = (
				SRC000 /* Sources */,
				FRM001 /* Frameworks */,
				RES000 /* Resources */,
			);
			buildRules = (
			);
			dependencies = (
			);
			fileSystemSynchronizedGroups = (
				GRP001 /* Apps/mac-client/Sources/mac */,
			);
			name = "mac-client";
			packageProductDependencies = (
				PKG001 /* Workspace */,
				PKG002 /* Syntax */,
				PKG003 /* UI */,
				PKG004 /* Split */,
				PKG006 /* Text */,
				PKG005 /* Editor */,
				PKG007 /* Git */,
				PKG015 /* GhosttyTerminal */,
				PKG016 /* ACPClientKit */,
			);
			productName = "mac-client";
			productReference = PRD001 /* mac-client.app */;
			productType = "com.apple.product-type.application";
		};
/* End PBXNativeTarget section */

/* Begin PBXProject section */
		PRJ001 /* Project object */ = {
			isa = PBXProject;
			attributes = {
				BuildIndependentTargetsInParallel = 1;
				LastSwiftUpdateCheck = 1600;
				LastUpgradeCheck = 2610;
				TargetAttributes = {
					TGT001 = {
						CreatedOnToolsVersion = 16.0;
					};
				};
			};
			buildConfigurationList = CFG001 /* Build configuration list for PBXProject "Devys" */;
			compatibilityVersion = "Xcode 16.0";
			developmentRegion = en;
			hasScannedForEncodings = 0;
			knownRegions = (
				en,
				Base,
			);
			mainGroup = GRP000;
			packageReferences = (
				PKR001 /* XCLocalSwiftPackageReference "Packages/Workspace" */,
				PKR002 /* XCLocalSwiftPackageReference "Packages/Syntax" */,
				PKR003 /* XCLocalSwiftPackageReference "Packages/UI" */,
				PKR004 /* XCLocalSwiftPackageReference "Packages/Split" */,
				PKR005 /* XCLocalSwiftPackageReference "Packages/Editor" */,
				PKR006 /* XCLocalSwiftPackageReference "Packages/Text" */,
				PKR007 /* XCLocalSwiftPackageReference "Packages/Git" */,
				PKR008 /* XCLocalSwiftPackageReference "Packages/Rendering" */,
				PKR015 /* XCLocalSwiftPackageReference "Packages/GhosttyTerminal" */,
				PKR016 /* XCLocalSwiftPackageReference "Packages/ACPClientKit" */,
			);
			productRefGroup = GRP003 /* Products */;
			projectDirPath = "";
			projectRoot = "";
			targets = (
				TGT001 /* mac-client */,
				A1B2C3D40100000000000006 /* mac-clientTests */,
			);
		};
/* End PBXProject section */

/* Begin PBXResourcesBuildPhase section */
		A1B2C3D40100000000000004 /* Resources */ = {
			isa = PBXResourcesBuildPhase;
			buildActionMask = 2147483647;
			files = (
			);
			runOnlyForDeploymentPostprocessing = 0;
		};
		RES000 /* Resources */ = {
			isa = PBXResourcesBuildPhase;
			buildActionMask = 2147483647;
			files = (
				RES003 /* Assets.xcassets in Resources */,
			);
			runOnlyForDeploymentPostprocessing = 0;
		};
/* End PBXResourcesBuildPhase section */

/* Begin PBXSourcesBuildPhase section */
		A1B2C3D40100000000000005 /* Sources */ = {
			isa = PBXSourcesBuildPhase;
			buildActionMask = 2147483647;
			files = (
			);
			runOnlyForDeploymentPostprocessing = 0;
		};
		SRC000 /* Sources */ = {
			isa = PBXSourcesBuildPhase;
			buildActionMask = 2147483647;
			files = (
			);
			runOnlyForDeploymentPostprocessing = 0;
		};
/* End PBXSourcesBuildPhase section */

/* Begin PBXTargetDependency section */
		A1B2C3D40100000000000008 /* PBXTargetDependency */ = {
			isa = PBXTargetDependency;
			target = TGT001 /* mac-client */;
			targetProxy = A1B2C3D40100000000000007 /* PBXContainerItemProxy */;
		};
/* End PBXTargetDependency section */

/* Begin XCBuildConfiguration section */
		A1B2C3D40100000000000009 /* Debug */ = {
			isa = XCBuildConfiguration;
			buildSettings = {
				BUNDLE_LOADER = "$(TEST_HOST)";
				CODE_SIGN_STYLE = Automatic;
				COMBINE_HIDPI_IMAGES = YES;
				GENERATE_INFOPLIST_FILE = YES;
				LD_RUNPATH_SEARCH_PATHS = (
					"$(inherited)",
					"@executable_path/../Frameworks",
					"@loader_path/../Frameworks",
				);
				PRODUCT_BUNDLE_IDENTIFIER = com.devys.macTests;
				PRODUCT_NAME = "$(TARGET_NAME)";
				SDKROOT = macosx;
				SWIFT_ACTIVE_COMPILATION_CONDITIONS = "DEBUG $(inherited)";
				SWIFT_STRICT_CONCURRENCY = complete;
				SWIFT_VERSION = 6.0;
				SWIFT_WARN_CONCURRENCY = YES;
				SWIFT_WARN_STRICT_CONCURRENCY = YES;
				TEST_HOST = "$(BUILT_PRODUCTS_DIR)/mac-client.app/Contents/MacOS/mac-client";
			};
			name = Debug;
		};
		A1B2C3D4010000000000000A /* Release */ = {
			isa = XCBuildConfiguration;
			buildSettings = {
				BUNDLE_LOADER = "$(TEST_HOST)";
				CODE_SIGN_STYLE = Automatic;
				COMBINE_HIDPI_IMAGES = YES;
				GENERATE_INFOPLIST_FILE = YES;
				LD_RUNPATH_SEARCH_PATHS = (
					"$(inherited)",
					"@executable_path/../Frameworks",
					"@loader_path/../Frameworks",
				);
				PRODUCT_BUNDLE_IDENTIFIER = com.devys.macTests;
				PRODUCT_NAME = "$(TARGET_NAME)";
				SDKROOT = macosx;
				SWIFT_STRICT_CONCURRENCY = complete;
				SWIFT_VERSION = 6.0;
				SWIFT_WARN_CONCURRENCY = YES;
				SWIFT_WARN_STRICT_CONCURRENCY = YES;
				TEST_HOST = "$(BUILT_PRODUCTS_DIR)/mac-client.app/Contents/MacOS/mac-client";
			};
			name = Release;
		};
		CFG003 /* Debug */ = {
			isa = XCBuildConfiguration;
			buildSettings = {
				ALWAYS_SEARCH_USER_PATHS = NO;
				ASSETCATALOG_COMPILER_GENERATE_SWIFT_ASSET_SYMBOL_EXTENSIONS = YES;
				CLANG_ANALYZER_NONNULL = YES;
				CLANG_ANALYZER_NUMBER_OBJECT_CONVERSION = YES_AGGRESSIVE;
				CLANG_CXX_LANGUAGE_STANDARD = "gnu++20";
				CLANG_ENABLE_MODULES = YES;
				CLANG_ENABLE_OBJC_ARC = YES;
				CLANG_ENABLE_OBJC_WEAK = YES;
				CLANG_WARN_BLOCK_CAPTURE_AUTORELEASING = YES;
				CLANG_WARN_BOOL_CONVERSION = YES;
				CLANG_WARN_COMMA = YES;
				CLANG_WARN_CONSTANT_CONVERSION = YES;
				CLANG_WARN_DEPRECATED_OBJC_IMPLEMENTATIONS = YES;
				CLANG_WARN_DIRECT_OBJC_ISA_USAGE = YES_ERROR;
				CLANG_WARN_DOCUMENTATION_COMMENTS = YES;
				CLANG_WARN_EMPTY_BODY = YES;
				CLANG_WARN_ENUM_CONVERSION = YES;
				CLANG_WARN_INFINITE_RECURSION = YES;
				CLANG_WARN_INT_CONVERSION = YES;
				CLANG_WARN_NON_LITERAL_NULL_CONVERSION = YES;
				CLANG_WARN_OBJC_IMPLICIT_RETAIN_SELF = YES;
				CLANG_WARN_OBJC_LITERAL_CONVERSION = YES;
				CLANG_WARN_OBJC_ROOT_CLASS = YES_ERROR;
				CLANG_WARN_QUOTED_INCLUDE_IN_FRAMEWORK_HEADER = YES;
				CLANG_WARN_RANGE_LOOP_ANALYSIS = YES;
				CLANG_WARN_STRICT_PROTOTYPES = YES;
				CLANG_WARN_SUSPICIOUS_MOVE = YES;
				CLANG_WARN_UNGUARDED_AVAILABILITY = YES_AGGRESSIVE;
				CLANG_WARN_UNREACHABLE_CODE = YES;
				CLANG_WARN__DUPLICATE_METHOD_MATCH = YES;
				COPY_PHASE_STRIP = NO;
				DEAD_CODE_STRIPPING = YES;
				DEBUG_INFORMATION_FORMAT = dwarf;
				ENABLE_STRICT_OBJC_MSGSEND = YES;
				ENABLE_TESTABILITY = YES;
				ENABLE_USER_SCRIPT_SANDBOXING = YES;
				GCC_C_LANGUAGE_STANDARD = gnu17;
				GCC_DYNAMIC_NO_PIC = NO;
				GCC_NO_COMMON_BLOCKS = YES;
				GCC_OPTIMIZATION_LEVEL = 0;
				GCC_PREPROCESSOR_DEFINITIONS = (
					"DEBUG=1",
					"$(inherited)",
				);
				GCC_WARN_64_TO_32_BIT_CONVERSION = YES;
				GCC_WARN_ABOUT_RETURN_TYPE = YES_ERROR;
				GCC_WARN_UNDECLARED_SELECTOR = YES;
				GCC_WARN_UNINITIALIZED_AUTOS = YES_AGGRESSIVE;
				GCC_WARN_UNUSED_FUNCTION = YES;
				GCC_WARN_UNUSED_VARIABLE = YES;
				MACOSX_DEPLOYMENT_TARGET = 14.0;
				MTL_ENABLE_DEBUG_INFO = INCLUDE_SOURCE;
				MTL_FAST_MATH = YES;
				ONLY_ACTIVE_ARCH = YES;
				SDKROOT = macosx;
				STRING_CATALOG_GENERATE_SYMBOLS = YES;
				SWIFT_ACTIVE_COMPILATION_CONDITIONS = "DEBUG $(inherited)";
				SWIFT_OPTIMIZATION_LEVEL = "-Onone";
				SWIFT_STRICT_CONCURRENCY = complete;
				SWIFT_VERSION = 6.0;
				SWIFT_WARN_CONCURRENCY = YES;
				SWIFT_WARN_STRICT_CONCURRENCY = YES;
			};
			name = Debug;
		};
		CFG004 /* Release */ = {
			isa = XCBuildConfiguration;
			buildSettings = {
				ALWAYS_SEARCH_USER_PATHS = NO;
				ASSETCATALOG_COMPILER_GENERATE_SWIFT_ASSET_SYMBOL_EXTENSIONS = YES;
				CLANG_ANALYZER_NONNULL = YES;
				CLANG_ANALYZER_NUMBER_OBJECT_CONVERSION = YES_AGGRESSIVE;
				CLANG_CXX_LANGUAGE_STANDARD = "gnu++20";
				CLANG_ENABLE_MODULES = YES;
				CLANG_ENABLE_OBJC_ARC = YES;
				CLANG_ENABLE_OBJC_WEAK = YES;
				CLANG_WARN_BLOCK_CAPTURE_AUTORELEASING = YES;
				CLANG_WARN_BOOL_CONVERSION = YES;
				CLANG_WARN_COMMA = YES;
				CLANG_WARN_CONSTANT_CONVERSION = YES;
				CLANG_WARN_DEPRECATED_OBJC_IMPLEMENTATIONS = YES;
				CLANG_WARN_DIRECT_OBJC_ISA_USAGE = YES_ERROR;
				CLANG_WARN_DOCUMENTATION_COMMENTS = YES;
				CLANG_WARN_EMPTY_BODY = YES;
				CLANG_WARN_ENUM_CONVERSION = YES;
				CLANG_WARN_INFINITE_RECURSION = YES;
				CLANG_WARN_INT_CONVERSION = YES;
				CLANG_WARN_NON_LITERAL_NULL_CONVERSION = YES;
				CLANG_WARN_OBJC_IMPLICIT_RETAIN_SELF = YES;
				CLANG_WARN_OBJC_LITERAL_CONVERSION = YES;
				CLANG_WARN_OBJC_ROOT_CLASS = YES_ERROR;
				CLANG_WARN_QUOTED_INCLUDE_IN_FRAMEWORK_HEADER = YES;
				CLANG_WARN_RANGE_LOOP_ANALYSIS = YES;
				CLANG_WARN_STRICT_PROTOTYPES = YES;
				CLANG_WARN_SUSPICIOUS_MOVE = YES;
				CLANG_WARN_UNGUARDED_AVAILABILITY = YES_AGGRESSIVE;
				CLANG_WARN_UNREACHABLE_CODE = YES;
				CLANG_WARN__DUPLICATE_METHOD_MATCH = YES;
				COPY_PHASE_STRIP = NO;
				DEAD_CODE_STRIPPING = YES;
				DEBUG_INFORMATION_FORMAT = "dwarf-with-dsym";
				ENABLE_NS_ASSERTIONS = NO;
				ENABLE_STRICT_OBJC_MSGSEND = YES;
				ENABLE_USER_SCRIPT_SANDBOXING = YES;
				GCC_C_LANGUAGE_STANDARD = gnu17;
				GCC_NO_COMMON_BLOCKS = YES;
				GCC_WARN_64_TO_32_BIT_CONVERSION = YES;
				GCC_WARN_ABOUT_RETURN_TYPE = YES_ERROR;
				GCC_WARN_UNDECLARED_SELECTOR = YES;
				GCC_WARN_UNINITIALIZED_AUTOS = YES_AGGRESSIVE;
				GCC_WARN_UNUSED_FUNCTION = YES;
				GCC_WARN_UNUSED_VARIABLE = YES;
				MACOSX_DEPLOYMENT_TARGET = 14.0;
				MTL_ENABLE_DEBUG_INFO = NO;
				MTL_FAST_MATH = YES;
				SDKROOT = macosx;
				STRING_CATALOG_GENERATE_SYMBOLS = YES;
				SWIFT_COMPILATION_MODE = wholemodule;
				SWIFT_STRICT_CONCURRENCY = complete;
				SWIFT_VERSION = 6.0;
				SWIFT_WARN_CONCURRENCY = YES;
				SWIFT_WARN_STRICT_CONCURRENCY = YES;
			};
			name = Release;
		};
		CFG005 /* Debug */ = {
			isa = XCBuildConfiguration;
			buildSettings = {
				ASSETCATALOG_COMPILER_APPICON_NAME = AppIcon;
				CODE_SIGN_ENTITLEMENTS = "Apps/mac-client/Resources/Devys.entitlements";
				CODE_SIGN_STYLE = Automatic;
				COMBINE_HIDPI_IMAGES = YES;
				CURRENT_PROJECT_VERSION = 1;
				DEAD_CODE_STRIPPING = YES;
				DEVELOPMENT_TEAM = "";
				ENABLE_APP_SANDBOX = NO;
				ENABLE_HARDENED_RUNTIME = YES;
				ENABLE_OUTGOING_NETWORK_CONNECTIONS = YES;
				ENABLE_USER_SELECTED_FILES = readwrite;
				GENERATE_INFOPLIST_FILE = YES;
				INFOPLIST_FILE = "Apps/mac-client/Resources/Info.plist";
				INFOPLIST_KEY_CFBundleDisplayName = Devys;
				INFOPLIST_KEY_LSApplicationCategoryType = "public.app-category.developer-tools";
				INFOPLIST_KEY_NSHumanReadableCopyright = "Copyright © 2026 Devys. All rights reserved.";
				LD_RUNPATH_SEARCH_PATHS = (
					"$(inherited)",
					"@executable_path/../Frameworks",
				);
				MARKETING_VERSION = 1.0.0;
				PRODUCT_BUNDLE_IDENTIFIER = com.devys.mac;
				PRODUCT_NAME = "$(TARGET_NAME)";
				RUNTIME_EXCEPTION_ALLOW_UNSIGNED_EXECUTABLE_MEMORY = YES;
				SWIFT_EMIT_LOC_STRINGS = YES;
				SWIFT_STRICT_CONCURRENCY = complete;
				SWIFT_VERSION = 6.0;
				SWIFT_WARN_CONCURRENCY = YES;
				SWIFT_WARN_STRICT_CONCURRENCY = YES;
			};
			name = Debug;
		};
		CFG006 /* Release */ = {
			isa = XCBuildConfiguration;
			buildSettings = {
				ASSETCATALOG_COMPILER_APPICON_NAME = AppIcon;
				CODE_SIGN_ENTITLEMENTS = "Apps/mac-client/Resources/Devys.entitlements";
				CODE_SIGN_STYLE = Automatic;
				COMBINE_HIDPI_IMAGES = YES;
				CURRENT_PROJECT_VERSION = 1;
				DEAD_CODE_STRIPPING = YES;
				DEVELOPMENT_TEAM = "";
				ENABLE_APP_SANDBOX = NO;
				ENABLE_HARDENED_RUNTIME = YES;
				ENABLE_OUTGOING_NETWORK_CONNECTIONS = YES;
				ENABLE_USER_SELECTED_FILES = readwrite;
				GENERATE_INFOPLIST_FILE = YES;
				INFOPLIST_FILE = "Apps/mac-client/Resources/Info.plist";
				INFOPLIST_KEY_CFBundleDisplayName = Devys;
				INFOPLIST_KEY_LSApplicationCategoryType = "public.app-category.developer-tools";
				INFOPLIST_KEY_NSHumanReadableCopyright = "Copyright © 2026 Devys. All rights reserved.";
				LD_RUNPATH_SEARCH_PATHS = (
					"$(inherited)",
					"@executable_path/../Frameworks",
				);
				MARKETING_VERSION = 1.0.0;
				PRODUCT_BUNDLE_IDENTIFIER = com.devys.mac;
				PRODUCT_NAME = "$(TARGET_NAME)";
				RUNTIME_EXCEPTION_ALLOW_UNSIGNED_EXECUTABLE_MEMORY = YES;
				SWIFT_EMIT_LOC_STRINGS = YES;
				SWIFT_STRICT_CONCURRENCY = complete;
				SWIFT_VERSION = 6.0;
				SWIFT_WARN_CONCURRENCY = YES;
				SWIFT_WARN_STRICT_CONCURRENCY = YES;
			};
			name = Release;
		};
/* End XCBuildConfiguration section */

/* Begin XCConfigurationList section */
		A1B2C3D4010000000000000B /* Build configuration list for PBXNativeTarget "mac-clientTests" */ = {
			isa = XCConfigurationList;
			buildConfigurations = (
				A1B2C3D40100000000000009 /* Debug */,
				A1B2C3D4010000000000000A /* Release */,
			);
			defaultConfigurationIsVisible = 0;
			defaultConfigurationName = Release;
		};
		CFG001 /* Build configuration list for PBXProject "Devys" */ = {
			isa = XCConfigurationList;
			buildConfigurations = (
				CFG003 /* Debug */,
				CFG004 /* Release */,
			);
			defaultConfigurationIsVisible = 0;
			defaultConfigurationName = Release;
		};
		CFG002 /* Build configuration list for PBXNativeTarget "mac-client" */ = {
			isa = XCConfigurationList;
			buildConfigurations = (
				CFG005 /* Debug */,
				CFG006 /* Release */,
			);
			defaultConfigurationIsVisible = 0;
			defaultConfigurationName = Release;
		};
/* End XCConfigurationList section */

/* Begin XCLocalSwiftPackageReference section */
		PKR001 /* XCLocalSwiftPackageReference "Packages/Workspace" */ = {
			isa = XCLocalSwiftPackageReference;
			relativePath = Packages/Workspace;
		};
		PKR002 /* XCLocalSwiftPackageReference "Packages/Syntax" */ = {
			isa = XCLocalSwiftPackageReference;
			relativePath = Packages/Syntax;
		};
		PKR003 /* XCLocalSwiftPackageReference "Packages/UI" */ = {
			isa = XCLocalSwiftPackageReference;
			relativePath = Packages/UI;
		};
		PKR004 /* XCLocalSwiftPackageReference "Packages/Split" */ = {
			isa = XCLocalSwiftPackageReference;
			relativePath = Packages/Split;
		};
		PKR005 /* XCLocalSwiftPackageReference "Packages/Editor" */ = {
			isa = XCLocalSwiftPackageReference;
			relativePath = Packages/Editor;
		};
		PKR006 /* XCLocalSwiftPackageReference "Packages/Text" */ = {
			isa = XCLocalSwiftPackageReference;
			relativePath = Packages/Text;
		};
		PKR007 /* XCLocalSwiftPackageReference "Packages/Git" */ = {
			isa = XCLocalSwiftPackageReference;
			relativePath = Packages/Git;
		};
		PKR008 /* XCLocalSwiftPackageReference "Packages/Rendering" */ = {
			isa = XCLocalSwiftPackageReference;
			relativePath = Packages/Rendering;
		};
		PKR015 /* XCLocalSwiftPackageReference "Packages/GhosttyTerminal" */ = {
			isa = XCLocalSwiftPackageReference;
			relativePath = Packages/GhosttyTerminal;
		};
		PKR016 /* XCLocalSwiftPackageReference "Packages/ACPClientKit" */ = {
			isa = XCLocalSwiftPackageReference;
			relativePath = Packages/ACPClientKit;
		};
/* End XCLocalSwiftPackageReference section */

/* Begin XCSwiftPackageProductDependency section */
		PKG001 /* Workspace */ = {
			isa = XCSwiftPackageProductDependency;
			package = PKR001 /* XCLocalSwiftPackageReference "Packages/Workspace" */;
			productName = Workspace;
		};
		PKG002 /* Syntax */ = {
			isa = XCSwiftPackageProductDependency;
			package = PKR002 /* XCLocalSwiftPackageReference "Packages/Syntax" */;
			productName = Syntax;
		};
		PKG003 /* UI */ = {
			isa = XCSwiftPackageProductDependency;
			package = PKR003 /* XCLocalSwiftPackageReference "Packages/UI" */;
			productName = UI;
		};
		PKG004 /* Split */ = {
			isa = XCSwiftPackageProductDependency;
			package = PKR004 /* XCLocalSwiftPackageReference "Packages/Split" */;
			productName = Split;
		};
		PKG005 /* Editor */ = {
			isa = XCSwiftPackageProductDependency;
			package = PKR005 /* XCLocalSwiftPackageReference "Packages/Editor" */;
			productName = Editor;
		};
		PKG006 /* Text */ = {
			isa = XCSwiftPackageProductDependency;
			package = PKR006 /* XCLocalSwiftPackageReference "Packages/Text" */;
			productName = Text;
		};
		PKG007 /* Git */ = {
			isa = XCSwiftPackageProductDependency;
			package = PKR007 /* XCLocalSwiftPackageReference "Packages/Git" */;
			productName = Git;
		};
		PKG015 /* GhosttyTerminal */ = {
			isa = XCSwiftPackageProductDependency;
			package = PKR015 /* XCLocalSwiftPackageReference "Packages/GhosttyTerminal" */;
			productName = GhosttyTerminal;
		};
		PKG016 /* ACPClientKit */ = {
			isa = XCSwiftPackageProductDependency;
			package = PKR016 /* XCLocalSwiftPackageReference "Packages/ACPClientKit" */;
			productName = ACPClientKit;
		};
/* End XCSwiftPackageProductDependency section */
	};
	rootObject = PRJ001 /* Project object */;
}
