// !$*UTF8*$!
{
	archiveVersion = 1;
	classes = {
	};
	objectVersion = 56;
	objects = {

/* Begin PBXBuildFile section */
		APP001 /* DevysApp.swift in Sources */ = {isa = PBXBuildFile; fileRef = SRC001 /* DevysApp.swift */; };
		APP002 /* ContentView.swift in Sources */ = {isa = PBXBuildFile; fileRef = SRC002 /* ContentView.swift */; };
		APP003 /* DevysCore in Frameworks */ = {isa = PBXBuildFile; productRef = PKG001 /* DevysCore */; };
		APP004 /* DevysSyntax in Frameworks */ = {isa = PBXBuildFile; productRef = PKG002 /* DevysSyntax */; };
		APP005 /* DevysUI in Frameworks */ = {isa = PBXBuildFile; productRef = PKG003 /* DevysUI */; };
		APP006 /* Bonsplit in Frameworks */ = {isa = PBXBuildFile; productRef = PKG004 /* Bonsplit */; };
/* End PBXBuildFile section */

/* Begin PBXFileReference section */
		SRC001 /* DevysApp.swift */ = {isa = PBXFileReference; lastKnownFileType = sourcecode.swift; path = DevysApp.swift; sourceTree = "<group>"; };
		SRC002 /* ContentView.swift */ = {isa = PBXFileReference; lastKnownFileType = sourcecode.swift; path = ContentView.swift; sourceTree = "<group>"; };
		RES001 /* Info.plist */ = {isa = PBXFileReference; lastKnownFileType = text.plist.xml; path = Info.plist; sourceTree = "<group>"; };
		RES002 /* Devys.entitlements */ = {isa = PBXFileReference; lastKnownFileType = text.plist.entitlements; path = Devys.entitlements; sourceTree = "<group>"; };
		PRD001 /* Devys.app */ = {isa = PBXFileReference; explicitFileType = wrapper.application; includeInIndex = 0; path = Devys.app; sourceTree = BUILT_PRODUCTS_DIR; };
/* End PBXFileReference section */

/* Begin PBXFrameworksBuildPhase section */
		FRM001 /* Frameworks */ = {
			isa = PBXFrameworksBuildPhase;
			buildActionMask = 2147483647;
			files = (
				APP003 /* DevysCore in Frameworks */,
				APP004 /* DevysSyntax in Frameworks */,
				APP005 /* DevysUI in Frameworks */,
				APP006 /* Bonsplit in Frameworks */,
			);
			runOnlyForDeploymentPostprocessing = 0;
		};
/* End PBXFrameworksBuildPhase section */

/* Begin PBXGroup section */
		GRP000 = {
			isa = PBXGroup;
			children = (
				GRP001 /* Devys */,
				GRP002 /* Packages */,
				GRP003 /* Products */,
			);
			sourceTree = "<group>";
		};
		GRP001 /* Devys */ = {
			isa = PBXGroup;
			children = (
				SRC001 /* DevysApp.swift */,
				GRP004 /* Views */,
				GRP005 /* Resources */,
			);
			path = "Apps/Devys/Sources/Devys";
			sourceTree = "<group>";
		};
		GRP002 /* Packages */ = {
			isa = PBXGroup;
			children = (
			);
			path = Packages;
			sourceTree = "<group>";
		};
		GRP003 /* Products */ = {
			isa = PBXGroup;
			children = (
				PRD001 /* Devys.app */,
			);
			name = Products;
			sourceTree = "<group>";
		};
		GRP004 /* Views */ = {
			isa = PBXGroup;
			children = (
				SRC002 /* ContentView.swift */,
			);
			path = Views;
			sourceTree = "<group>";
		};
		GRP005 /* Resources */ = {
			isa = PBXGroup;
			children = (
				RES001 /* Info.plist */,
				RES002 /* Devys.entitlements */,
			);
			name = Resources;
			path = "../../Resources";
			sourceTree = "<group>";
		};
/* End PBXGroup section */

/* Begin PBXNativeTarget section */
		TGT001 /* Devys */ = {
			isa = PBXNativeTarget;
			buildConfigurationList = CFG002 /* Build configuration list for PBXNativeTarget "Devys" */;
			buildPhases = (
				SRC000 /* Sources */,
				FRM001 /* Frameworks */,
			);
			buildRules = (
			);
			dependencies = (
			);
			name = Devys;
			packageProductDependencies = (
				PKG001 /* DevysCore */,
				PKG002 /* DevysSyntax */,
				PKG003 /* DevysUI */,
				PKG004 /* Bonsplit */,
			);
			productName = Devys;
			productReference = PRD001 /* Devys.app */;
			productType = "com.apple.product-type.application";
		};
/* End PBXNativeTarget section */

/* Begin PBXProject section */
		PRJ001 /* Project object */ = {
			isa = PBXProject;
			attributes = {
				BuildIndependentTargetsInParallel = 1;
				LastSwiftUpdateCheck = 1600;
				LastUpgradeCheck = 1600;
				TargetAttributes = {
					TGT001 = {
						CreatedOnToolsVersion = 16.0;
					};
				};
			};
			buildConfigurationList = CFG001 /* Build configuration list for PBXProject "Devys" */;
			compatibilityVersion = "Xcode 14.0";
			developmentRegion = en;
			hasScannedForEncodings = 0;
			knownRegions = (
				en,
				Base,
			);
			mainGroup = GRP000;
			packageReferences = (
				PKR001 /* XCLocalSwiftPackageReference "Packages/DevysCore" */,
				PKR002 /* XCLocalSwiftPackageReference "Packages/DevysSyntax" */,
				PKR003 /* XCLocalSwiftPackageReference "Packages/DevysUI" */,
				PKR004 /* XCRemoteSwiftPackageReference "bonsplit" */,
			);
			productRefGroup = GRP003 /* Products */;
			projectDirPath = "";
			projectRoot = "";
			targets = (
				TGT001 /* Devys */,
			);
		};
/* End PBXProject section */

/* Begin PBXSourcesBuildPhase section */
		SRC000 /* Sources */ = {
			isa = PBXSourcesBuildPhase;
			buildActionMask = 2147483647;
			files = (
				APP001 /* DevysApp.swift in Sources */,
				APP002 /* ContentView.swift in Sources */,
			);
			runOnlyForDeploymentPostprocessing = 0;
		};
/* End PBXSourcesBuildPhase section */

/* Begin XCBuildConfiguration section */
		CFG003 /* Debug */ = {
			isa = XCBuildConfiguration;
			buildSettings = {
				ALWAYS_SEARCH_USER_PATHS = NO;
				ASSETCATALOG_COMPILER_GENERATE_SWIFT_ASSET_SYMBOL_EXTENSIONS = YES;
				CLANG_ANALYZER_NONNULL = YES;
				CLANG_ANALYZER_NUMBER_OBJECT_CONVERSION = YES_AGGRESSIVE;
				CLANG_CXX_LANGUAGE_STANDARD = "gnu++20";
				CLANG_ENABLE_MODULES = YES;
				CLANG_ENABLE_OBJC_ARC = YES;
				CLANG_ENABLE_OBJC_WEAK = YES;
				CLANG_WARN_BLOCK_CAPTURE_AUTORELEASING = YES;
				CLANG_WARN_BOOL_CONVERSION = YES;
				CLANG_WARN_COMMA = YES;
				CLANG_WARN_CONSTANT_CONVERSION = YES;
				CLANG_WARN_DEPRECATED_OBJC_IMPLEMENTATIONS = YES;
				CLANG_WARN_DIRECT_OBJC_ISA_USAGE = YES_ERROR;
				CLANG_WARN_DOCUMENTATION_COMMENTS = YES;
				CLANG_WARN_EMPTY_BODY = YES;
				CLANG_WARN_ENUM_CONVERSION = YES;
				CLANG_WARN_INFINITE_RECURSION = YES;
				CLANG_WARN_INT_CONVERSION = YES;
				CLANG_WARN_NON_LITERAL_NULL_CONVERSION = YES;
				CLANG_WARN_OBJC_IMPLICIT_RETAIN_SELF = YES;
				CLANG_WARN_OBJC_LITERAL_CONVERSION = YES;
				CLANG_WARN_OBJC_ROOT_CLASS = YES_ERROR;
				CLANG_WARN_QUOTED_INCLUDE_IN_FRAMEWORK_HEADER = YES;
				CLANG_WARN_RANGE_LOOP_ANALYSIS = YES;
				CLANG_WARN_STRICT_PROTOTYPES = YES;
				CLANG_WARN_SUSPICIOUS_MOVE = YES;
				CLANG_WARN_UNGUARDED_AVAILABILITY = YES_AGGRESSIVE;
				CLANG_WARN_UNREACHABLE_CODE = YES;
				CLANG_WARN__DUPLICATE_METHOD_MATCH = YES;
				COPY_PHASE_STRIP = NO;
				DEBUG_INFORMATION_FORMAT = dwarf;
				ENABLE_STRICT_OBJC_MSGSEND = YES;
				ENABLE_TESTABILITY = YES;
				ENABLE_USER_SCRIPT_SANDBOXING = YES;
				GCC_C_LANGUAGE_STANDARD = gnu17;
				GCC_DYNAMIC_NO_PIC = NO;
				GCC_NO_COMMON_BLOCKS = YES;
				GCC_OPTIMIZATION_LEVEL = 0;
				GCC_PREPROCESSOR_DEFINITIONS = (
					"DEBUG=1",
					"$(inherited)",
				);
				GCC_WARN_64_TO_32_BIT_CONVERSION = YES;
				GCC_WARN_ABOUT_RETURN_TYPE = YES_ERROR;
				GCC_WARN_UNDECLARED_SELECTOR = YES;
				GCC_WARN_UNINITIALIZED_AUTOS = YES_AGGRESSIVE;
				GCC_WARN_UNUSED_FUNCTION = YES;
				GCC_WARN_UNUSED_VARIABLE = YES;
				MACOSX_DEPLOYMENT_TARGET = 14.0;
				MTL_ENABLE_DEBUG_INFO = INCLUDE_SOURCE;
				MTL_FAST_MATH = YES;
				ONLY_ACTIVE_ARCH = YES;
				SDKROOT = macosx;
				SWIFT_ACTIVE_COMPILATION_CONDITIONS = "DEBUG $(inherited)";
				SWIFT_OPTIMIZATION_LEVEL = "-Onone";
				SWIFT_VERSION = 6.0;
			};
			name = Debug;
		};
		CFG004 /* Release */ = {
			isa = XCBuildConfiguration;
			buildSettings = {
				ALWAYS_SEARCH_USER_PATHS = NO;
				ASSETCATALOG_COMPILER_GENERATE_SWIFT_ASSET_SYMBOL_EXTENSIONS = YES;
				CLANG_ANALYZER_NONNULL = YES;
				CLANG_ANALYZER_NUMBER_OBJECT_CONVERSION = YES_AGGRESSIVE;
				CLANG_CXX_LANGUAGE_STANDARD = "gnu++20";
				CLANG_ENABLE_MODULES = YES;
				CLANG_ENABLE_OBJC_ARC = YES;
				CLANG_ENABLE_OBJC_WEAK = YES;
				CLANG_WARN_BLOCK_CAPTURE_AUTORELEASING = YES;
				CLANG_WARN_BOOL_CONVERSION = YES;
				CLANG_WARN_COMMA = YES;
				CLANG_WARN_CONSTANT_CONVERSION = YES;
				CLANG_WARN_DEPRECATED_OBJC_IMPLEMENTATIONS = YES;
				CLANG_WARN_DIRECT_OBJC_ISA_USAGE = YES_ERROR;
				CLANG_WARN_DOCUMENTATION_COMMENTS = YES;
				CLANG_WARN_EMPTY_BODY = YES;
				CLANG_WARN_ENUM_CONVERSION = YES;
				CLANG_WARN_INFINITE_RECURSION = YES;
				CLANG_WARN_INT_CONVERSION = YES;
				CLANG_WARN_NON_LITERAL_NULL_CONVERSION = YES;
				CLANG_WARN_OBJC_IMPLICIT_RETAIN_SELF = YES;
				CLANG_WARN_OBJC_LITERAL_CONVERSION = YES;
				CLANG_WARN_OBJC_ROOT_CLASS = YES_ERROR;
				CLANG_WARN_QUOTED_INCLUDE_IN_FRAMEWORK_HEADER = YES;
				CLANG_WARN_RANGE_LOOP_ANALYSIS = YES;
				CLANG_WARN_STRICT_PROTOTYPES = YES;
				CLANG_WARN_SUSPICIOUS_MOVE = YES;
				CLANG_WARN_UNGUARDED_AVAILABILITY = YES_AGGRESSIVE;
				CLANG_WARN_UNREACHABLE_CODE = YES;
				CLANG_WARN__DUPLICATE_METHOD_MATCH = YES;
				COPY_PHASE_STRIP = NO;
				DEBUG_INFORMATION_FORMAT = "dwarf-with-dsym";
				ENABLE_NS_ASSERTIONS = NO;
				ENABLE_STRICT_OBJC_MSGSEND = YES;
				ENABLE_USER_SCRIPT_SANDBOXING = YES;
				GCC_C_LANGUAGE_STANDARD = gnu17;
				GCC_NO_COMMON_BLOCKS = YES;
				GCC_WARN_64_TO_32_BIT_CONVERSION = YES;
				GCC_WARN_ABOUT_RETURN_TYPE = YES_ERROR;
				GCC_WARN_UNDECLARED_SELECTOR = YES;
				GCC_WARN_UNINITIALIZED_AUTOS = YES_AGGRESSIVE;
				GCC_WARN_UNUSED_FUNCTION = YES;
				GCC_WARN_UNUSED_VARIABLE = YES;
				MACOSX_DEPLOYMENT_TARGET = 14.0;
				MTL_ENABLE_DEBUG_INFO = NO;
				MTL_FAST_MATH = YES;
				SDKROOT = macosx;
				SWIFT_COMPILATION_MODE = wholemodule;
				SWIFT_VERSION = 6.0;
			};
			name = Release;
		};
		CFG005 /* Debug */ = {
			isa = XCBuildConfiguration;
			buildSettings = {
				CODE_SIGN_ENTITLEMENTS = Apps/Devys/Resources/Devys.entitlements;
				CODE_SIGN_STYLE = Automatic;
				COMBINE_HIDPI_IMAGES = YES;
				CURRENT_PROJECT_VERSION = 1;
				DEVELOPMENT_TEAM = "";
				ENABLE_HARDENED_RUNTIME = YES;
				GENERATE_INFOPLIST_FILE = YES;
				INFOPLIST_FILE = Apps/Devys/Resources/Info.plist;
				INFOPLIST_KEY_CFBundleDisplayName = Devys;
				INFOPLIST_KEY_LSApplicationCategoryType = "public.app-category.developer-tools";
				INFOPLIST_KEY_NSHumanReadableCopyright = "Copyright © 2026 Devys. All rights reserved.";
				INFOPLIST_KEY_NSMainStoryboardFile = "";
				INFOPLIST_KEY_NSPrincipalClass = NSApplication;
				LD_RUNPATH_SEARCH_PATHS = (
					"$(inherited)",
					"@executable_path/../Frameworks",
				);
				MARKETING_VERSION = 1.0.0;
				PRODUCT_BUNDLE_IDENTIFIER = com.devys.Devys;
				PRODUCT_NAME = "$(TARGET_NAME)";
				SWIFT_EMIT_LOC_STRINGS = YES;
				SWIFT_VERSION = 6.0;
			};
			name = Debug;
		};
		CFG006 /* Release */ = {
			isa = XCBuildConfiguration;
			buildSettings = {
				CODE_SIGN_ENTITLEMENTS = Apps/Devys/Resources/Devys.entitlements;
				CODE_SIGN_STYLE = Automatic;
				COMBINE_HIDPI_IMAGES = YES;
				CURRENT_PROJECT_VERSION = 1;
				DEVELOPMENT_TEAM = "";
				ENABLE_HARDENED_RUNTIME = YES;
				GENERATE_INFOPLIST_FILE = YES;
				INFOPLIST_FILE = Apps/Devys/Resources/Info.plist;
				INFOPLIST_KEY_CFBundleDisplayName = Devys;
				INFOPLIST_KEY_LSApplicationCategoryType = "public.app-category.developer-tools";
				INFOPLIST_KEY_NSHumanReadableCopyright = "Copyright © 2026 Devys. All rights reserved.";
				INFOPLIST_KEY_NSMainStoryboardFile = "";
				INFOPLIST_KEY_NSPrincipalClass = NSApplication;
				LD_RUNPATH_SEARCH_PATHS = (
					"$(inherited)",
					"@executable_path/../Frameworks",
				);
				MARKETING_VERSION = 1.0.0;
				PRODUCT_BUNDLE_IDENTIFIER = com.devys.Devys;
				PRODUCT_NAME = "$(TARGET_NAME)";
				SWIFT_EMIT_LOC_STRINGS = YES;
				SWIFT_VERSION = 6.0;
			};
			name = Release;
		};
/* End XCBuildConfiguration section */

/* Begin XCConfigurationList section */
		CFG001 /* Build configuration list for PBXProject "Devys" */ = {
			isa = XCConfigurationList;
			buildConfigurations = (
				CFG003 /* Debug */,
				CFG004 /* Release */,
			);
			defaultConfigurationIsVisible = 0;
			defaultConfigurationName = Release;
		};
		CFG002 /* Build configuration list for PBXNativeTarget "Devys" */ = {
			isa = XCConfigurationList;
			buildConfigurations = (
				CFG005 /* Debug */,
				CFG006 /* Release */,
			);
			defaultConfigurationIsVisible = 0;
			defaultConfigurationName = Release;
		};
/* End XCConfigurationList section */

/* Begin XCLocalSwiftPackageReference section */
		PKR001 /* XCLocalSwiftPackageReference "Packages/DevysCore" */ = {
			isa = XCLocalSwiftPackageReference;
			relativePath = Packages/DevysCore;
		};
		PKR002 /* XCLocalSwiftPackageReference "Packages/DevysSyntax" */ = {
			isa = XCLocalSwiftPackageReference;
			relativePath = Packages/DevysSyntax;
		};
		PKR003 /* XCLocalSwiftPackageReference "Packages/DevysUI" */ = {
			isa = XCLocalSwiftPackageReference;
			relativePath = Packages/DevysUI;
		};
		PKR004 /* XCRemoteSwiftPackageReference "bonsplit" */ = {
			isa = XCRemoteSwiftPackageReference;
			repositoryURL = "https://github.com/almonk/bonsplit.git";
			requirement = {
				kind = upToNextMajorVersion;
				minimumVersion = 1.1.1;
			};
		};
/* End XCLocalSwiftPackageReference section */

/* Begin XCSwiftPackageProductDependency section */
		PKG001 /* DevysCore */ = {
			isa = XCSwiftPackageProductDependency;
			productName = DevysCore;
		};
		PKG002 /* DevysSyntax */ = {
			isa = XCSwiftPackageProductDependency;
			productName = DevysSyntax;
		};
		PKG003 /* DevysUI */ = {
			isa = XCSwiftPackageProductDependency;
			productName = DevysUI;
		};
		PKG004 /* Bonsplit */ = {
			isa = XCSwiftPackageProductDependency;
			package = PKR004 /* XCRemoteSwiftPackageReference "bonsplit" */;
			productName = Bonsplit;
		};
/* End XCSwiftPackageProductDependency section */
	};
	rootObject = PRJ001 /* Project object */;
}
